<Solution>
  <Folder Name="/Solution Items/">
    <File Path=".env.example" />
    <File Path="Directory.Build.props" />
    <File Path="Directory.Packages.props" />
    <File Path="docker-compose.yml" />
    <File Path="global.json" />
    <File Path="README.md" />
  </Folder>
  <Folder Name="/docs/">
    <File Path="docs/.keep" />
  </Folder>
  <Folder Name="/infra/">
    <File Path="infra/azure-pipelines.yml" />
  </Folder>
  <Folder Name="/scripts/">
    <File Path="scripts/check-prerequisites.ps1" />
    <File Path="scripts/docker-build.ps1" />
    <File Path="scripts/docker-down.ps1" />
    <File Path="scripts/docker-up.ps1" />
    <File Path="scripts/setup-secrets.ps1" />
  </Folder>
  <Folder Name="/src/">
    <Project Path="src/Template.Api/Template.Api.csproj" />
    <Project Path="src/Template.Application/Template.Application.csproj" />
    <Project Path="src/Template.Domain/Template.Domain.csproj" />
    <Project Path="src/Template.Infrastructure/Template.Infrastructure.csproj" />
  </Folder>
  <Folder Name="/tests/">
    <Project Path="tests/Template.UnitTests/Template.UnitTests.csproj" />
  </Folder>
</Solution>
